// !$*UTF8*$!
{
	archiveVersion = 1;
	classes = {
	};
	objectVersion = 46;
	objects = {

/* Begin PBXBuildFile section */
		A74C503917079CD800AA3457 /* WebViewController.m in Sources */ = {isa = PBXBuildFile; fileRef = A74C503817079CD800AA3457 /* WebViewController.m */; };
		A7DC62B51702241700D2DEAE /* UIKit.framework in Frameworks */ = {isa = PBXBuildFile; fileRef = A7DC62B41702241700D2DEAE /* UIKit.framework */; };
		A7DC62B71702241700D2DEAE /* Foundation.framework in Frameworks */ = {isa = PBXBuildFile; fileRef = A7DC62B61702241700D2DEAE /* Foundation.framework */; };
		A7DC62B91702241700D2DEAE /* CoreGraphics.framework in Frameworks */ = {isa = PBXBuildFile; fileRef = A7DC62B81702241700D2DEAE /* CoreGraphics.framework */; };
		A7DC62BF1702241700D2DEAE /* InfoPlist.strings in Resources */ = {isa = PBXBuildFile; fileRef = A7DC62BD1702241700D2DEAE /* InfoPlist.strings */; };
		A7DC62C11702241700D2DEAE /* main.m in Sources */ = {isa = PBXBuildFile; fileRef = A7DC62C01702241700D2DEAE /* main.m */; };
		A7DC62C51702241700D2DEAE /* NerdfeedAppDelegate.m in Sources */ = {isa = PBXBuildFile; fileRef = A7DC62C41702241700D2DEAE /* NerdfeedAppDelegate.m */; };
		A7DC62C71702241700D2DEAE /* Default.png in Resources */ = {isa = PBXBuildFile; fileRef = A7DC62C61702241700D2DEAE /* Default.png */; };
		A7DC62C91702241700D2DEAE /* Default@2x.png in Resources */ = {isa = PBXBuildFile; fileRef = A7DC62C81702241700D2DEAE /* Default@2x.png */; };
		A7DC62CB1702241800D2DEAE /* Default-568h@2x.png in Resources */ = {isa = PBXBuildFile; fileRef = A7DC62CA1702241800D2DEAE /* Default-568h@2x.png */; };
		A7DC62D31702243D00D2DEAE /* ListViewController.m in Sources */ = {isa = PBXBuildFile; fileRef = A7DC62D21702243D00D2DEAE /* ListViewController.m */; };
		A7DC62D617037C5500D2DEAE /* RSSChannel.m in Sources */ = {isa = PBXBuildFile; fileRef = A7DC62D517037C5500D2DEAE /* RSSChannel.m */; };
		A7DC62D91703951F00D2DEAE /* RSSItem.m in Sources */ = {isa = PBXBuildFile; fileRef = A7DC62D81703951F00D2DEAE /* RSSItem.m */; };
/* End PBXBuildFile section */

/* Begin PBXFileReference section */
		A74C503717079CD800AA3457 /* WebViewController.h */ = {isa = PBXFileReference; fileEncoding = 4; lastKnownFileType = sourcecode.c.h; name = WebViewController.h; path = NerdFeed/WebViewController.h; sourceTree = "<group>"; };
		A74C503817079CD800AA3457 /* WebViewController.m */ = {isa = PBXFileReference; fileEncoding = 4; lastKnownFileType = sourcecode.c.objc; name = WebViewController.m; path = NerdFeed/WebViewController.m; sourceTree = "<group>"; };
		A7DC62B11702241700D2DEAE /* NerdFeed.app */ = {isa = PBXFileReference; explicitFileType = wrapper.application; includeInIndex = 0; path = NerdFeed.app; sourceTree = BUILT_PRODUCTS_DIR; };
		A7DC62B41702241700D2DEAE /* UIKit.framework */ = {isa = PBXFileReference; lastKnownFileType = wrapper.framework; name = UIKit.framework; path = System/Library/Frameworks/UIKit.framework; sourceTree = SDKROOT; };
		A7DC62B61702241700D2DEAE /* Foundation.framework */ = {isa = PBXFileReference; lastKnownFileType = wrapper.framework; name = Foundation.framework; path = System/Library/Frameworks/Foundation.framework; sourceTree = SDKROOT; };
		A7DC62B81702241700D2DEAE /* CoreGraphics.framework */ = {isa = PBXFileReference; lastKnownFileType = wrapper.framework; name = CoreGraphics.framework; path = System/Library/Frameworks/CoreGraphics.framework; sourceTree = SDKROOT; };
		A7DC62BC1702241700D2DEAE /* NerdFeed-Info.plist */ = {isa = PBXFileReference; lastKnownFileType = text.plist.xml; path = "NerdFeed-Info.plist"; sourceTree = "<group>"; };
		A7DC62BE1702241700D2DEAE /* en */ = {isa = PBXFileReference; lastKnownFileType = text.plist.strings; name = en; path = en.lproj/InfoPlist.strings; sourceTree = "<group>"; };
		A7DC62C01702241700D2DEAE /* main.m */ = {isa = PBXFileReference; lastKnownFileType = sourcecode.c.objc; path = main.m; sourceTree = "<group>"; };
		A7DC62C21702241700D2DEAE /* NerdFeed-Prefix.pch */ = {isa = PBXFileReference; lastKnownFileType = sourcecode.c.h; path = "NerdFeed-Prefix.pch"; sourceTree = "<group>"; };
		A7DC62C31702241700D2DEAE /* NerdfeedAppDelegate.h */ = {isa = PBXFileReference; lastKnownFileType = sourcecode.c.h; path = NerdfeedAppDelegate.h; sourceTree = "<group>"; };
		A7DC62C41702241700D2DEAE /* NerdfeedAppDelegate.m */ = {isa = PBXFileReference; lastKnownFileType = sourcecode.c.objc; path = NerdfeedAppDelegate.m; sourceTree = "<group>"; };
		A7DC62C61702241700D2DEAE /* Default.png */ = {isa = PBXFileReference; lastKnownFileType = image.png; path = Default.png; sourceTree = "<group>"; };
		A7DC62C81702241700D2DEAE /* Default@2x.png */ = {isa = PBXFileReference; lastKnownFileType = image.png; path = "Default@2x.png"; sourceTree = "<group>"; };
		A7DC62CA1702241800D2DEAE /* Default-568h@2x.png */ = {isa = PBXFileReference; lastKnownFileType = image.png; path = "Default-568h@2x.png"; sourceTree = "<group>"; };
		A7DC62D11702243D00D2DEAE /* ListViewController.h */ = {isa = PBXFileReference; fileEncoding = 4; lastKnownFileType = sourcecode.c.h; name = ListViewController.h; path = NerdFeed/ListViewController.h; sourceTree = "<group>"; };
		A7DC62D21702243D00D2DEAE /* ListViewController.m */ = {isa = PBXFileReference; fileEncoding = 4; lastKnownFileType = sourcecode.c.objc; name = ListViewController.m; path = NerdFeed/ListViewController.m; sourceTree = "<group>"; };
		A7DC62D417037C5500D2DEAE /* RSSChannel.h */ = {isa = PBXFileReference; fileEncoding = 4; lastKnownFileType = sourcecode.c.h; name = RSSChannel.h; path = NerdFeed/RSSChannel.h; sourceTree = "<group>"; };
		A7DC62D517037C5500D2DEAE /* RSSChannel.m */ = {isa = PBXFileReference; fileEncoding = 4; lastKnownFileType = sourcecode.c.objc; name = RSSChannel.m; path = NerdFeed/RSSChannel.m; sourceTree = "<group>"; };
		A7DC62D71703951F00D2DEAE /* RSSItem.h */ = {isa = PBXFileReference; fileEncoding = 4; lastKnownFileType = sourcecode.c.h; name = RSSItem.h; path = NerdFeed/RSSItem.h; sourceTree = "<group>"; };
		A7DC62D81703951F00D2DEAE /* RSSItem.m */ = {isa = PBXFileReference; fileEncoding = 4; lastKnownFileType = sourcecode.c.objc; name = RSSItem.m; path = NerdFeed/RSSItem.m; sourceTree = "<group>"; };
/* End PBXFileReference section */

/* Begin PBXFrameworksBuildPhase section */
		A7DC62AE1702241700D2DEAE /* Frameworks */ = {
			isa = PBXFrameworksBuildPhase;
			buildActionMask = 2147483647;
			files = (
				A7DC62B51702241700D2DEAE /* UIKit.framework in Frameworks */,
				A7DC62B71702241700D2DEAE /* Foundation.framework in Frameworks */,
				A7DC62B91702241700D2DEAE /* CoreGraphics.framework in Frameworks */,
			);
			runOnlyForDeploymentPostprocessing = 0;
		};
/* End PBXFrameworksBuildPhase section */

/* Begin PBXGroup section */
		A7DC62A81702241700D2DEAE = {
			isa = PBXGroup;
			children = (
				A7DC62D71703951F00D2DEAE /* RSSItem.h */,
				A7DC62D81703951F00D2DEAE /* RSSItem.m */,
				A7DC62D11702243D00D2DEAE /* ListViewController.h */,
				A7DC62D21702243D00D2DEAE /* ListViewController.m */,
				A74C503717079CD800AA3457 /* WebViewController.h */,
				A74C503817079CD800AA3457 /* WebViewController.m */,
				A7DC62D417037C5500D2DEAE /* RSSChannel.h */,
				A7DC62D517037C5500D2DEAE /* RSSChannel.m */,
				A7DC62BA1702241700D2DEAE /* NerdFeed */,
				A7DC62B31702241700D2DEAE /* Frameworks */,
				A7DC62B21702241700D2DEAE /* Products */,
			);
			sourceTree = "<group>";
		};
		A7DC62B21702241700D2DEAE /* Products */ = {
			isa = PBXGroup;
			children = (
				A7DC62B11702241700D2DEAE /* NerdFeed.app */,
			);
			name = Products;
			sourceTree = "<group>";
		};
		A7DC62B31702241700D2DEAE /* Frameworks */ = {
			isa = PBXGroup;
			children = (
				A7DC62B41702241700D2DEAE /* UIKit.framework */,
				A7DC62B61702241700D2DEAE /* Foundation.framework */,
				A7DC62B81702241700D2DEAE /* CoreGraphics.framework */,
			);
			name = Frameworks;
			sourceTree = "<group>";
		};
		A7DC62BA1702241700D2DEAE /* NerdFeed */ = {
			isa = PBXGroup;
			children = (
				A7DC62C31702241700D2DEAE /* NerdfeedAppDelegate.h */,
				A7DC62C41702241700D2DEAE /* NerdfeedAppDelegate.m */,
				A7DC62BB1702241700D2DEAE /* Supporting Files */,
			);
			path = NerdFeed;
			sourceTree = "<group>";
		};
		A7DC62BB1702241700D2DEAE /* Supporting Files */ = {
			isa = PBXGroup;
			children = (
				A7DC62BC1702241700D2DEAE /* NerdFeed-Info.plist */,
				A7DC62BD1702241700D2DEAE /* InfoPlist.strings */,
				A7DC62C01702241700D2DEAE /* main.m */,
				A7DC62C21702241700D2DEAE /* NerdFeed-Prefix.pch */,
				A7DC62C61702241700D2DEAE /* Default.png */,
				A7DC62C81702241700D2DEAE /* Default@2x.png */,
				A7DC62CA1702241800D2DEAE /* Default-568h@2x.png */,
			);
			name = "Supporting Files";
			sourceTree = "<group>";
		};
/* End PBXGroup section */

/* Begin PBXNativeTarget section */
		A7DC62B01702241700D2DEAE /* NerdFeed */ = {
			isa = PBXNativeTarget;
			buildConfigurationList = A7DC62CE1702241800D2DEAE /* Build configuration list for PBXNativeTarget "NerdFeed" */;
			buildPhases = (
				A7DC62AD1702241700D2DEAE /* Sources */,
				A7DC62AE1702241700D2DEAE /* Frameworks */,
				A7DC62AF1702241700D2DEAE /* Resources */,
			);
			buildRules = (
			);
			dependencies = (
			);
			name = NerdFeed;
			productName = NerdFeed;
			productReference = A7DC62B11702241700D2DEAE /* NerdFeed.app */;
			productType = "com.apple.product-type.application";
		};
/* End PBXNativeTarget section */

/* Begin PBXProject section */
		A7DC62A91702241700D2DEAE /* Project object */ = {
			isa = PBXProject;
			attributes = {
				CLASSPREFIX = Nerdfeed;
				LastUpgradeCheck = 0460;
				ORGANIZATIONNAME = "Alexander Auritt";
			};
			buildConfigurationList = A7DC62AC1702241700D2DEAE /* Build configuration list for PBXProject "NerdFeed" */;
			compatibilityVersion = "Xcode 3.2";
			developmentRegion = English;
			hasScannedForEncodings = 0;
			knownRegions = (
				en,
			);
			mainGroup = A7DC62A81702241700D2DEAE;
			productRefGroup = A7DC62B21702241700D2DEAE /* Products */;
			projectDirPath = "";
			projectRoot = "";
			targets = (
				A7DC62B01702241700D2DEAE /* NerdFeed */,
			);
		};
/* End PBXProject section */

/* Begin PBXResourcesBuildPhase section */
		A7DC62AF1702241700D2DEAE /* Resources */ = {
			isa = PBXResourcesBuildPhase;
			buildActionMask = 2147483647;
			files = (
				A7DC62BF1702241700D2DEAE /* InfoPlist.strings in Resources */,
				A7DC62C71702241700D2DEAE /* Default.png in Resources */,
				A7DC62C91702241700D2DEAE /* Default@2x.png in Resources */,
				A7DC62CB1702241800D2DEAE /* Default-568h@2x.png in Resources */,
			);
			runOnlyForDeploymentPostprocessing = 0;
		};
/* End PBXResourcesBuildPhase section */

/* Begin PBXSourcesBuildPhase section */
		A7DC62AD1702241700D2DEAE /* Sources */ = {
			isa = PBXSourcesBuildPhase;
			buildActionMask = 2147483647;
			files = (
				A7DC62C11702241700D2DEAE /* main.m in Sources */,
				A7DC62C51702241700D2DEAE /* NerdfeedAppDelegate.m in Sources */,
				A7DC62D31702243D00D2DEAE /* ListViewController.m in Sources */,
				A7DC62D617037C5500D2DEAE /* RSSChannel.m in Sources */,
				A7DC62D91703951F00D2DEAE /* RSSItem.m in Sources */,
				A74C503917079CD800AA3457 /* WebViewController.m in Sources */,
			);
			runOnlyForDeploymentPostprocessing = 0;
		};
/* End PBXSourcesBuildPhase section */

/* Begin PBXVariantGroup section */
		A7DC62BD1702241700D2DEAE /* InfoPlist.strings */ = {
			isa = PBXVariantGroup;
			children = (
				A7DC62BE1702241700D2DEAE /* en */,
			);
			name = InfoPlist.strings;
			sourceTree = "<group>";
		};
/* End PBXVariantGroup section */

/* Begin XCBuildConfiguration section */
		A7DC62CC1702241800D2DEAE /* Debug */ = {
			isa = XCBuildConfiguration;
			buildSettings = {
				ALWAYS_SEARCH_USER_PATHS = NO;
				CLANG_CXX_LANGUAGE_STANDARD = "gnu++0x";
				CLANG_CXX_LIBRARY = "libc++";
				CLANG_ENABLE_OBJC_ARC = YES;
				CLANG_WARN_CONSTANT_CONVERSION = YES;
				CLANG_WARN_EMPTY_BODY = YES;
				CLANG_WARN_ENUM_CONVERSION = YES;
				CLANG_WARN_INT_CONVERSION = YES;
				CLANG_WARN__DUPLICATE_METHOD_MATCH = YES;
				"CODE_SIGN_IDENTITY[sdk=iphoneos*]" = "iPhone Developer";
				COPY_PHASE_STRIP = NO;
				GCC_C_LANGUAGE_STANDARD = gnu99;
				GCC_DYNAMIC_NO_PIC = NO;
				GCC_OPTIMIZATION_LEVEL = 0;
				GCC_PREPROCESSOR_DEFINITIONS = (
					"DEBUG=1",
					"$(inherited)",
				);
				GCC_SYMBOLS_PRIVATE_EXTERN = NO;
				GCC_WARN_ABOUT_RETURN_TYPE = YES;
				GCC_WARN_UNINITIALIZED_AUTOS = YES;
				GCC_WARN_UNUSED_VARIABLE = YES;
				IPHONEOS_DEPLOYMENT_TARGET = 6.1;
				ONLY_ACTIVE_ARCH = YES;
				SDKROOT = iphoneos;
				TARGETED_DEVICE_FAMILY = 2;
			};
			name = Debug;
		};
		A7DC62CD1702241800D2DEAE /* Release */ = {
			isa = XCBuildConfiguration;
			buildSettings = {
				ALWAYS_SEARCH_USER_PATHS = NO;
				CLANG_CXX_LANGUAGE_STANDARD = "gnu++0x";
				CLANG_CXX_LIBRARY = "libc++";
				CLANG_ENABLE_OBJC_ARC = YES;
				CLANG_WARN_CONSTANT_CONVERSION = YES;
				CLANG_WARN_EMPTY_BODY = YES;
				CLANG_WARN_ENUM_CONVERSION = YES;
				CLANG_WARN_INT_CONVERSION = YES;
				CLANG_WARN__DUPLICATE_METHOD_MATCH = YES;
				"CODE_SIGN_IDENTITY[sdk=iphoneos*]" = "iPhone Developer";
				COPY_PHASE_STRIP = YES;
				GCC_C_LANGUAGE_STANDARD = gnu99;
				GCC_WARN_ABOUT_RETURN_TYPE = YES;
				GCC_WARN_UNINITIALIZED_AUTOS = YES;
				GCC_WARN_UNUSED_VARIABLE = YES;
				IPHONEOS_DEPLOYMENT_TARGET = 6.1;
				OTHER_CFLAGS = "-DNS_BLOCK_ASSERTIONS=1";
				SDKROOT = iphoneos;
				TARGETED_DEVICE_FAMILY = 2;
				VALIDATE_PRODUCT = YES;
			};
			name = Release;
		};
		A7DC62CF1702241800D2DEAE /* Debug */ = {
			isa = XCBuildConfiguration;
			buildSettings = {
				GCC_PRECOMPILE_PREFIX_HEADER = YES;
				GCC_PREFIX_HEADER = "NerdFeed/NerdFeed-Prefix.pch";
				INFOPLIST_FILE = "NerdFeed/NerdFeed-Info.plist";
				PRODUCT_NAME = "$(TARGET_NAME)";
				WRAPPER_EXTENSION = app;
			};
			name = Debug;
		};
		A7DC62D01702241800D2DEAE /* Release */ = {
			isa = XCBuildConfiguration;
			buildSettings = {
				GCC_PRECOMPILE_PREFIX_HEADER = YES;
				GCC_PREFIX_HEADER = "NerdFeed/NerdFeed-Prefix.pch";
				INFOPLIST_FILE = "NerdFeed/NerdFeed-Info.plist";
				PRODUCT_NAME = "$(TARGET_NAME)";
				WRAPPER_EXTENSION = app;
			};
			name = Release;
		};
/* End XCBuildConfiguration section */

/* Begin XCConfigurationList section */
		A7DC62AC1702241700D2DEAE /* Build configuration list for PBXProject "NerdFeed" */ = {
			isa = XCConfigurationList;
			buildConfigurations = (
				A7DC62CC1702241800D2DEAE /* Debug */,
				A7DC62CD1702241800D2DEAE /* Release */,
			);
			defaultConfigurationIsVisible = 0;
			defaultConfigurationName = Release;
		};
		A7DC62CE1702241800D2DEAE /* Build configuration list for PBXNativeTarget "NerdFeed" */ = {
			isa = XCConfigurationList;
			buildConfigurations = (
				A7DC62CF1702241800D2DEAE /* Debug */,
				A7DC62D01702241800D2DEAE /* Release */,
			);
			defaultConfigurationIsVisible = 0;
			defaultConfigurationName = Release;
		};
/* End XCConfigurationList section */
	};
	rootObject = A7DC62A91702241700D2DEAE /* Project object */;
}
